
Microsoft Visual Studio Solution File, Format Version 12.00
# Visual Studio Version 17
VisualStudioVersion = 17.1.32328.378
MinimumVisualStudioVersion = 10.0.40219.1
Project("{FAE04EC0-301F-11D3-BF4B-00C04F79EFBC}") = "Proto", "Proto.csproj", "{B9A3CDD7-7852-4220-A2AA-2B986E0C19E8}"
EndProject
Global
	GlobalSection(SolutionConfigurationPlatforms) = preSolution
		Debug|Any CPU = Debug|Any CPU
		Release|Any CPU = Release|Any CPU
	EndGlobalSection
	GlobalSection(ProjectConfigurationPlatforms) = postSolution
		{B9A3CDD7-7852-4220-A2AA-2B986E0C19E8}.Debug|Any CPU.ActiveCfg = Debug|Any CPU
		{B9A3CDD7-7852-4220-A2AA-2B986E0C19E8}.Debug|Any CPU.Build.0 = Debug|Any CPU
		{B9A3CDD7-7852-4220-A2AA-2B986E0C19E8}.Release|Any CPU.ActiveCfg = Release|Any CPU
		{B9A3CDD7-7852-4220-A2AA-2B986E0C19E8}.Release|Any CPU.Build.0 = Release|Any CPU
	EndGlobalSection
	GlobalSection(SolutionProperties) = preSolution
		HideSolutionNode = FALSE
	EndGlobalSection
	GlobalSection(ExtensibilityGlobals) = postSolution
		SolutionGuid = {CB1C0B2E-5D0E-4420-94B5-FE8AECC7E106}
	EndGlobalSection
EndGlobal
