
Microsoft Visual Studio Solution File, Format Version 12.00
# Visual Studio Version 17
VisualStudioVersion = 17.1.32328.378
MinimumVisualStudioVersion = 10.0.40219.1
Project("{FAE04EC0-301F-11D3-BF4B-00C04F79EFBC}") = "Client", "Client.csproj", "{96A92CEF-1C0A-4904-9D28-44FED1CAFDEB}"
EndProject
Global
	GlobalSection(SolutionConfigurationPlatforms) = preSolution
		Debug|Any CPU = Debug|Any CPU
		Release|Any CPU = Release|Any CPU
	EndGlobalSection
	GlobalSection(ProjectConfigurationPlatforms) = postSolution
		{96A92CEF-1C0A-4904-9D28-44FED1CAFDEB}.Debug|Any CPU.ActiveCfg = Debug|Any CPU
		{96A92CEF-1C0A-4904-9D28-44FED1CAFDEB}.Debug|Any CPU.Build.0 = Debug|Any CPU
		{96A92CEF-1C0A-4904-9D28-44FED1CAFDEB}.Release|Any CPU.ActiveCfg = Release|Any CPU
		{96A92CEF-1C0A-4904-9D28-44FED1CAFDEB}.Release|Any CPU.Build.0 = Release|Any CPU
	EndGlobalSection
	GlobalSection(SolutionProperties) = preSolution
		HideSolutionNode = FALSE
	EndGlobalSection
	GlobalSection(ExtensibilityGlobals) = postSolution
		SolutionGuid = {51872DD5-3A09-4D55-BB6C-764B99D93433}
	EndGlobalSection
EndGlobal
