
Microsoft Visual Studio Solution File, Format Version 12.00
# Visual Studio Version 17
VisualStudioVersion = 17.0.32014.148
MinimumVisualStudioVersion = 10.0.40219.1
Project("{9A19103F-16F7-4668-BE54-9A1E7A4F7556}") = "Launcher", "Launcher\Launcher.csproj", "{7045F91B-EA80-4E4E-A5F2-501227D78E2F}"
EndProject
Global
	GlobalSection(SolutionConfigurationPlatforms) = preSolution
		Debug|Any CPU = Debug|Any CPU
		Release|Any CPU = Release|Any CPU
	EndGlobalSection
	GlobalSection(ProjectConfigurationPlatforms) = postSolution
		{7045F91B-EA80-4E4E-A5F2-501227D78E2F}.Debug|Any CPU.ActiveCfg = Debug|Any CPU
		{7045F91B-EA80-4E4E-A5F2-501227D78E2F}.Debug|Any CPU.Build.0 = Debug|Any CPU
		{7045F91B-EA80-4E4E-A5F2-501227D78E2F}.Release|Any CPU.ActiveCfg = Release|Any CPU
		{7045F91B-EA80-4E4E-A5F2-501227D78E2F}.Release|Any CPU.Build.0 = Release|Any CPU
	EndGlobalSection
	GlobalSection(SolutionProperties) = preSolution
		HideSolutionNode = FALSE
	EndGlobalSection
	GlobalSection(ExtensibilityGlobals) = postSolution
		SolutionGuid = {5E15B2BF-F385-4F55-8905-87FBC37854CC}
	EndGlobalSection
EndGlobal
