
Microsoft Visual Studio Solution File, Format Version 12.00
# Visual Studio Version 17
VisualStudioVersion = 17.0.32014.148
MinimumVisualStudioVersion = 10.0.40219.1
Project("{9A19103F-16F7-4668-BE54-9A1E7A4F7556}") = "Server", "Server\Server.csproj", "{D033B809-2FB7-4340-B8B4-DDA30D6CA6FF}"
EndProject
Project("{9A19103F-16F7-4668-BE54-9A1E7A4F7556}") = "Protos", "Protos\Protos.csproj", "{EA81EE05-A0E3-4D3E-8D7A-C5CD0C9255CD}"
EndProject
Project("{FAE04EC0-301F-11D3-BF4B-00C04F79EFBC}") = "ClientTest", "ClientTest\ClientTest.csproj", "{F3C98717-DD4F-45B8-B0F0-C217E7E2B5D4}"
EndProject
Global
	GlobalSection(SolutionConfigurationPlatforms) = preSolution
		Debug|Any CPU = Debug|Any CPU
		Release|Any CPU = Release|Any CPU
	EndGlobalSection
	GlobalSection(ProjectConfigurationPlatforms) = postSolution
		{D033B809-2FB7-4340-B8B4-DDA30D6CA6FF}.Debug|Any CPU.ActiveCfg = Debug|Any CPU
		{D033B809-2FB7-4340-B8B4-DDA30D6CA6FF}.Debug|Any CPU.Build.0 = Debug|Any CPU
		{D033B809-2FB7-4340-B8B4-DDA30D6CA6FF}.Release|Any CPU.ActiveCfg = Release|Any CPU
		{D033B809-2FB7-4340-B8B4-DDA30D6CA6FF}.Release|Any CPU.Build.0 = Release|Any CPU
		{EA81EE05-A0E3-4D3E-8D7A-C5CD0C9255CD}.Debug|Any CPU.ActiveCfg = Debug|Any CPU
		{EA81EE05-A0E3-4D3E-8D7A-C5CD0C9255CD}.Debug|Any CPU.Build.0 = Debug|Any CPU
		{EA81EE05-A0E3-4D3E-8D7A-C5CD0C9255CD}.Release|Any CPU.ActiveCfg = Release|Any CPU
		{EA81EE05-A0E3-4D3E-8D7A-C5CD0C9255CD}.Release|Any CPU.Build.0 = Release|Any CPU
		{F3C98717-DD4F-45B8-B0F0-C217E7E2B5D4}.Debug|Any CPU.ActiveCfg = Debug|Any CPU
		{F3C98717-DD4F-45B8-B0F0-C217E7E2B5D4}.Debug|Any CPU.Build.0 = Debug|Any CPU
		{F3C98717-DD4F-45B8-B0F0-C217E7E2B5D4}.Release|Any CPU.ActiveCfg = Release|Any CPU
		{F3C98717-DD4F-45B8-B0F0-C217E7E2B5D4}.Release|Any CPU.Build.0 = Release|Any CPU
	EndGlobalSection
	GlobalSection(SolutionProperties) = preSolution
		HideSolutionNode = FALSE
	EndGlobalSection
	GlobalSection(ExtensibilityGlobals) = postSolution
		SolutionGuid = {F8195A94-4DCA-4F27-BCB8-9E6310A1127E}
	EndGlobalSection
EndGlobal
