
Microsoft Visual Studio Solution File, Format Version 12.00
# Visual Studio Version 17
VisualStudioVersion = 17.0.32014.148
MinimumVisualStudioVersion = 10.0.40219.1
Project("{9A19103F-16F7-4668-BE54-9A1E7A4F7556}") = "Installer", "Installer\Installer.csproj", "{C10AF177-0883-4D9D-B2DC-3516BE04DF81}"
EndProject
Project("{FAE04EC0-301F-11D3-BF4B-00C04F79EFBC}") = "InstallerUpdater", "InstallerUpdater\InstallerUpdater.csproj", "{B2E61AB9-F7BF-4C48-ABFC-60F7F214BB14}"
EndProject
Global
	GlobalSection(SolutionConfigurationPlatforms) = preSolution
		Debug|Any CPU = Debug|Any CPU
		Release|Any CPU = Release|Any CPU
	EndGlobalSection
	GlobalSection(ProjectConfigurationPlatforms) = postSolution
		{C10AF177-0883-4D9D-B2DC-3516BE04DF81}.Debug|Any CPU.ActiveCfg = Debug|Any CPU
		{C10AF177-0883-4D9D-B2DC-3516BE04DF81}.Debug|Any CPU.Build.0 = Debug|Any CPU
		{C10AF177-0883-4D9D-B2DC-3516BE04DF81}.Release|Any CPU.ActiveCfg = Release|Any CPU
		{C10AF177-0883-4D9D-B2DC-3516BE04DF81}.Release|Any CPU.Build.0 = Release|Any CPU
		{B2E61AB9-F7BF-4C48-ABFC-60F7F214BB14}.Debug|Any CPU.ActiveCfg = Debug|Any CPU
		{B2E61AB9-F7BF-4C48-ABFC-60F7F214BB14}.Debug|Any CPU.Build.0 = Debug|Any CPU
		{B2E61AB9-F7BF-4C48-ABFC-60F7F214BB14}.Release|Any CPU.ActiveCfg = Release|Any CPU
		{B2E61AB9-F7BF-4C48-ABFC-60F7F214BB14}.Release|Any CPU.Build.0 = Release|Any CPU
	EndGlobalSection
	GlobalSection(SolutionProperties) = preSolution
		HideSolutionNode = FALSE
	EndGlobalSection
	GlobalSection(ExtensibilityGlobals) = postSolution
		SolutionGuid = {FC5375BC-9F2B-45AA-B0E2-E35A0C26E3C0}
	EndGlobalSection
EndGlobal
