<?xml version="1.0" encoding="utf-8"?>
<Project ToolsVersion="4.0" xmlns="http://schemas.microsoft.com/developer/msbuild/2003">
  <ItemGroup>
    <Filter Include="源文件">
      <UniqueIdentifier>{4FC737F1-C7A5-4376-A066-2A32D752A2FF}</UniqueIdentifier>
      <Extensions>cpp;c;cc;cxx;c++;cppm;ixx;def;odl;idl;hpj;bat;asm;asmx</Extensions>
    </Filter>
    <Filter Include="头文件">
      <UniqueIdentifier>{93995380-89BD-4b04-88EB-625FBE52EBFB}</UniqueIdentifier>
      <Extensions>h;hh;hpp;hxx;h++;hm;inl;inc;ipp;xsd</Extensions>
    </Filter>
    <Filter Include="资源文件">
      <UniqueIdentifier>{67DA6AB6-F800-4c08-8B7A-83BB121AAD01}</UniqueIdentifier>
      <Extensions>rc;ico;cur;bmp;dlg;rc2;rct;bin;rgs;gif;jpg;jpeg;jpe;resx;tiff;tif;png;wav;mfcribbon-ms</Extensions>
    </Filter>
    <Filter Include="源文件\proto">
      <UniqueIdentifier>{6aeaa732-c471-4ec4-9de4-1e6f8acc7e92}</UniqueIdentifier>
    </Filter>
    <Filter Include="头文件\proto">
      <UniqueIdentifier>{3de9b3fe-8273-490b-b433-5fde647f1a60}</UniqueIdentifier>
    </Filter>
  </ItemGroup>
  <ItemGroup>
    <ClCompile Include="src\AI.cpp">
      <Filter>源文件</Filter>
    </ClCompile>
    <ClCompile Include="src\API.cpp">
      <Filter>源文件</Filter>
    </ClCompile>
    <ClCompile Include="src\Communication.cpp">
      <Filter>源文件</Filter>
    </ClCompile>
    <ClCompile Include="src\DebugAPI.cpp">
      <Filter>源文件</Filter>
    </ClCompile>
    <ClCompile Include="src\logic.cpp">
      <Filter>源文件</Filter>
    </ClCompile>
    <ClCompile Include="src\main.cpp">
      <Filter>源文件</Filter>
    </ClCompile>
    <ClCompile Include="..\proto\Message2Clients.pb.cc">
      <Filter>源文件\proto</Filter>
    </ClCompile>
    <ClCompile Include="..\proto\Message2Server.pb.cc">
      <Filter>源文件\proto</Filter>
    </ClCompile>
    <ClCompile Include="..\proto\MessageType.pb.cc">
      <Filter>源文件\proto</Filter>
    </ClCompile>
    <ClCompile Include="..\proto\Services.grpc.pb.cc">
      <Filter>源文件\proto</Filter>
    </ClCompile>
    <ClCompile Include="..\proto\Services.pb.cc">
      <Filter>源文件\proto</Filter>
    </ClCompile>
  </ItemGroup>
  <ItemGroup>
    <ClInclude Include="include\AI.h">
      <Filter>头文件</Filter>
    </ClInclude>
    <ClInclude Include="include\API.h">
      <Filter>头文件</Filter>
    </ClInclude>
    <ClInclude Include="include\Communication.h">
      <Filter>头文件</Filter>
    </ClInclude>
    <ClInclude Include="include\ConcurrentQueue.hpp">
      <Filter>头文件</Filter>
    </ClInclude>
    <ClInclude Include="include\constants.h">
      <Filter>头文件</Filter>
    </ClInclude>
    <ClInclude Include="include\logic.h">
      <Filter>头文件</Filter>
    </ClInclude>
    <ClInclude Include="include\state.h">
      <Filter>头文件</Filter>
    </ClInclude>
    <ClInclude Include="include\structures.h">
      <Filter>头文件</Filter>
    </ClInclude>
    <ClInclude Include="include\utils.hpp">
      <Filter>头文件</Filter>
    </ClInclude>
    <ClInclude Include="..\proto\Message2Clients.pb.h">
      <Filter>头文件\proto</Filter>
    </ClInclude>
    <ClInclude Include="..\proto\Message2Server.pb.h">
      <Filter>头文件\proto</Filter>
    </ClInclude>
    <ClInclude Include="..\proto\MessageType.pb.h">
      <Filter>头文件\proto</Filter>
    </ClInclude>
    <ClInclude Include="..\proto\Services.grpc.pb.h">
      <Filter>头文件\proto</Filter>
    </ClInclude>
    <ClInclude Include="..\proto\Services.pb.h">
      <Filter>头文件\proto</Filter>
    </ClInclude>
  </ItemGroup>
</Project>